{
  "name": "fooler-vue",
  "version": "1.0.0",
  "lockfileVersion": 1,
  "requires": true,
  "dependencies": {
    "fooler-core": {
      "version": "1.1.8",
      "resolved": "https://registry.npmjs.org/fooler-core/-/fooler-core-1.1.8.tgz",
      "integrity": "sha512-a8K88P97s9kabOBXtLQbvV1tu8l/jXOHS8Xe2IvMHD0qIzbtRCvAAcrF+8FH0p1WhgjlUC+wJG156Zic9U2t+g==",
      "requires": {
        "xml2js": "^0.4.23"
      }
    },
    "sax": {
      "version": "1.2.4",
      "resolved": "https://registry.npmmirror.com/sax/download/sax-1.2.4.tgz"
    },
    "xml2js": {
      "version": "0.4.23",
      "resolved": "https://registry.npmmirror.com/xml2js/download/xml2js-0.4.23.tgz",
      "requires": {
        "sax": ">=0.6.0",
        "xmlbuilder": "~11.0.0"
      },
      "dependencies": {
        "sax": {
          "version": "https://registry.npmmirror.com/sax/download/sax-1.2.4.tgz"
        },
        "xmlbuilder": {
          "version": "https://registry.npmmirror.com/xmlbuilder/download/xmlbuilder-11.0.1.tgz"
        }
      }
    },
    "xmlbuilder": {
      "version": "11.0.1",
      "resolved": "https://registry.npmmirror.com/xmlbuilder/download/xmlbuilder-11.0.1.tgz"
    }
  }
}
